
Microsoft Visual Studio Solution File, Format Version 12.00
Project("{FAE04EC0-301F-11D3-BF4B-00C04F79EFBC}") = "err0.log4net", "err0.log4net.csproj", "{7C611114-6955-4233-A3A8-016EA698B282}"
EndProject
Project("{FAE04EC0-301F-11D3-BF4B-00C04F79EFBC}") = "demo", "demo\demo.csproj", "{859D8FF0-6D15-4FF2-8698-98A658E839F6}"
EndProject
Global
	GlobalSection(SolutionConfigurationPlatforms) = preSolution
		Debug|Any CPU = Debug|Any CPU
		Release|Any CPU = Release|Any CPU
	EndGlobalSection
	GlobalSection(ProjectConfigurationPlatforms) = postSolution
		{7C611114-6955-4233-A3A8-016EA698B282}.Debug|Any CPU.ActiveCfg = Debug|Any CPU
		{7C611114-6955-4233-A3A8-016EA698B282}.Debug|Any CPU.Build.0 = Debug|Any CPU
		{7C611114-6955-4233-A3A8-016EA698B282}.Release|Any CPU.ActiveCfg = Release|Any CPU
		{7C611114-6955-4233-A3A8-016EA698B282}.Release|Any CPU.Build.0 = Release|Any CPU
		{859D8FF0-6D15-4FF2-8698-98A658E839F6}.Debug|Any CPU.ActiveCfg = Debug|Any CPU
		{859D8FF0-6D15-4FF2-8698-98A658E839F6}.Debug|Any CPU.Build.0 = Debug|Any CPU
		{859D8FF0-6D15-4FF2-8698-98A658E839F6}.Release|Any CPU.ActiveCfg = Release|Any CPU
		{859D8FF0-6D15-4FF2-8698-98A658E839F6}.Release|Any CPU.Build.0 = Release|Any CPU
	EndGlobalSection
EndGlobal
